
Microsoft Visual Studio Solution File, Format Version 12.00
# Visual Studio Version 17
VisualStudioVersion = 17.0.31903.59
MinimumVisualStudioVersion = 10.0.40219.1
Project("{FAE04EC0-301F-11D3-BF4B-00C04F79EFBC}") = "WorkingWithNumbers", "WorkingWithNumbers\WorkingWithNumbers.csproj", "{86D8DCC4-7DDE-4481-B47F-0907819F9F56}"
EndProject
Project("{FAE04EC0-301F-11D3-BF4B-00C04F79EFBC}") = "WorkingWithText", "WorkingWithText\WorkingWithText.csproj", "{B961539A-99BB-49CD-8967-D11DA303E382}"
EndProject
Project("{FAE04EC0-301F-11D3-BF4B-00C04F79EFBC}") = "WorkingWithCollections", "WorkingWithCollections\WorkingWithCollections.csproj", "{D998FA8F-0771-41D1-BB41-B261C99A145B}"
EndProject
Project("{FAE04EC0-301F-11D3-BF4B-00C04F79EFBC}") = "WorkingWithRanges", "WorkingWithRanges\WorkingWithRanges.csproj", "{09A52D54-D160-44B7-9A84-13AEF9DBBA66}"
EndProject
Global
	GlobalSection(SolutionConfigurationPlatforms) = preSolution
		Debug|Any CPU = Debug|Any CPU
		Release|Any CPU = Release|Any CPU
	EndGlobalSection
	GlobalSection(SolutionProperties) = preSolution
		HideSolutionNode = FALSE
	EndGlobalSection
	GlobalSection(ProjectConfigurationPlatforms) = postSolution
		{86D8DCC4-7DDE-4481-B47F-0907819F9F56}.Debug|Any CPU.ActiveCfg = Debug|Any CPU
		{86D8DCC4-7DDE-4481-B47F-0907819F9F56}.Debug|Any CPU.Build.0 = Debug|Any CPU
		{86D8DCC4-7DDE-4481-B47F-0907819F9F56}.Release|Any CPU.ActiveCfg = Release|Any CPU
		{86D8DCC4-7DDE-4481-B47F-0907819F9F56}.Release|Any CPU.Build.0 = Release|Any CPU
		{B961539A-99BB-49CD-8967-D11DA303E382}.Debug|Any CPU.ActiveCfg = Debug|Any CPU
		{B961539A-99BB-49CD-8967-D11DA303E382}.Debug|Any CPU.Build.0 = Debug|Any CPU
		{B961539A-99BB-49CD-8967-D11DA303E382}.Release|Any CPU.ActiveCfg = Release|Any CPU
		{B961539A-99BB-49CD-8967-D11DA303E382}.Release|Any CPU.Build.0 = Release|Any CPU
		{D998FA8F-0771-41D1-BB41-B261C99A145B}.Debug|Any CPU.ActiveCfg = Debug|Any CPU
		{D998FA8F-0771-41D1-BB41-B261C99A145B}.Debug|Any CPU.Build.0 = Debug|Any CPU
		{D998FA8F-0771-41D1-BB41-B261C99A145B}.Release|Any CPU.ActiveCfg = Release|Any CPU
		{D998FA8F-0771-41D1-BB41-B261C99A145B}.Release|Any CPU.Build.0 = Release|Any CPU
		{09A52D54-D160-44B7-9A84-13AEF9DBBA66}.Debug|Any CPU.ActiveCfg = Debug|Any CPU
		{09A52D54-D160-44B7-9A84-13AEF9DBBA66}.Debug|Any CPU.Build.0 = Debug|Any CPU
		{09A52D54-D160-44B7-9A84-13AEF9DBBA66}.Release|Any CPU.ActiveCfg = Release|Any CPU
		{09A52D54-D160-44B7-9A84-13AEF9DBBA66}.Release|Any CPU.Build.0 = Release|Any CPU
	EndGlobalSection
EndGlobal
