Microsoft Visual Studio Solution File, Format Version 12.00
# Visual Studio Version 17
VisualStudioVersion = 17.5.2.0
MinimumVisualStudioVersion = 10.0.40219.1
Project("{FAE04EC0-301F-11D3-BF4B-00C04F79EFBC}") = "WorkingWithEFCore", "WorkingWithEFCore\WorkingWithEFCore.csproj", "{4F8D6593-C595-C08D-74C6-A7E4F726869A}"
EndProject
Project("{FAE04EC0-301F-11D3-BF4B-00C04F79EFBC}") = "Northwind.EntityModels", "Northwind.EntityModels\Northwind.EntityModels.csproj", "{EAF97BC7-44CE-4FF4-8BB8-C79EB38568E3}"
EndProject
Global
	GlobalSection(SolutionConfigurationPlatforms) = preSolution
		Debug|Any CPU = Debug|Any CPU
		Release|Any CPU = Release|Any CPU
	EndGlobalSection
	GlobalSection(ProjectConfigurationPlatforms) = postSolution
		{4F8D6593-C595-C08D-74C6-A7E4F726869A}.Debug|Any CPU.ActiveCfg = Debug|Any CPU
		{4F8D6593-C595-C08D-74C6-A7E4F726869A}.Debug|Any CPU.Build.0 = Debug|Any CPU
		{4F8D6593-C595-C08D-74C6-A7E4F726869A}.Release|Any CPU.ActiveCfg = Release|Any CPU
		{4F8D6593-C595-C08D-74C6-A7E4F726869A}.Release|Any CPU.Build.0 = Release|Any CPU
		{EAF97BC7-44CE-4FF4-8BB8-C79EB38568E3}.Debug|Any CPU.ActiveCfg = Debug|Any CPU
		{EAF97BC7-44CE-4FF4-8BB8-C79EB38568E3}.Debug|Any CPU.Build.0 = Debug|Any CPU
		{EAF97BC7-44CE-4FF4-8BB8-C79EB38568E3}.Release|Any CPU.ActiveCfg = Release|Any CPU
		{EAF97BC7-44CE-4FF4-8BB8-C79EB38568E3}.Release|Any CPU.Build.0 = Release|Any CPU
	EndGlobalSection
	GlobalSection(SolutionProperties) = preSolution
		HideSolutionNode = FALSE
	EndGlobalSection
	GlobalSection(ExtensibilityGlobals) = postSolution
		SolutionGuid = {ADC2E9B5-DBEB-4968-8242-912E042736E1}
	EndGlobalSection
EndGlobal
